{
		"ws": {
			"version": "1.1.2",
			"resolved": "https://npm-registry.whitewater.ibm.com/w/ws/_attachments/ws-1.1.2.tgz",
			"integrity": "sha1-iiRPoFJAHgjJiGz0SoUYnh/UBn8=",
			"dev": true,
			"requires": {
				"options": "0.0.6",
				"ultron": "1.0.2"
			}
		},
		"wtf-8": {
			"version": "1.0.0",
			"resolved": "https://npm-registry.whitewater.ibm.com/w/wtf-8/_attachments/wtf-8-1.0.0.tgz",
			"integrity": "sha1-OS2LotDxw00e4tYw8V0O+2jhBIo=",
			"dev": true
		},
		"xhr2": {
			"version": "0.1.4",
			"resolved": "https://npm-registry.whitewater.ibm.com/x/xhr2/_attachments/xhr2-0.1.4.tgz",
			"integrity": "sha1-f4dliEdxbbUCYyOBL4GMras4el8=",
			"dev": true
		},
		"xml-char-classes": {
			"version": "1.0.0",
			"resolved": "https://npm-registry.whitewater.ibm.com/x/xml-char-classes/_attachments/xml-char-classes-1.0.0.tgz",
			"integrity": "sha1-ZGV4SKIP/F31g6Qq2KJ3tFErvE0=",
			"dev": true
		},
		"xmlhttprequest": {
			"version": "1.8.0",
			"resolved": "https://npm-registry.whitewater.ibm.com/x/xmlhttprequest/_attachments/xmlhttprequest-1.8.0.tgz",
			"integrity": "sha1-Z/4HXFwk/vOfnWX197f+dRcZaPw=",
			"dev": true
		},
		"xmlhttprequest-ssl": {
			"version": "1.5.3",
			"resolved": "https://npm-registry.whitewater.ibm.com/x/xmlhttprequest-ssl/_attachments/xmlhttprequest-ssl-1.5.3.tgz",
			"integrity": "sha1-GFqIjATspGw+QHDZn3tJ3jUomS0=",
			"dev": true
		},
		"xtend": {
			"version": "4.0.1",
			"resolved": "https://npm-registry.whitewater.ibm.com/x/xtend/_attachments/xtend-4.0.1.tgz",
			"integrity": "sha1-pcbVMr5lbiPbgg77lDofBJmNY68=",
			"dev": true
		},
		"y18n": {
			"version": "3.2.1",
			"resolved": "https://npm-registry.whitewater.ibm.com/y/y18n/_attachments/y18n-3.2.1.tgz",
			"integrity": "sha1-bRX7qITAhnnA136I53WegR4H+kE=",
			"dev": true
		},
		"yallist": {
			"version": "2.1.2",
			"resolved": "https://npm-registry.whitewater.ibm.com/y/yallist/_attachments/yallist-2.1.2.tgz",
			"integrity": "sha1-HBH5IY8HYImkfdUS+TxmmaaoHVI=",
			"dev": true
		},
		"yargs": {
			"version": "3.10.0",
			"resolved": "https://npm-registry.whitewater.ibm.com/y/yargs/_attachments/yargs-3.10.0.tgz",
			"integrity": "sha1-9+572FfdfB0tOMDnTvvWgdFDH9E=",
			"dev": true,
			"requires": {
				"camelcase": "1.2.1",
				"cliui": "2.1.0",
				"decamelize": "1.2.0",
				"window-size": "0.1.0"
			}
		},
		"yargs-parser": {
			"version": "5.0.0",
			"resolved": "https://npm-registry.whitewater.ibm.com/y/yargs-parser/_attachments/yargs-parser-5.0.0.tgz",
			"integrity": "sha1-J17PDX/+Bcd+ZOfIbkzZS/DhIoo=",
			"dev": true,
			"requires": {
				"camelcase": "3.0.0"
			},
			"dependencies": {
				"camelcase": {
					"version": "3.0.0",
					"resolved": "https://npm-registry.whitewater.ibm.com/c/camelcase/_attachments/camelcase-3.0.0.tgz",
					"integrity": "sha1-MvxLn82vhF/N9+c7uXysImHwqwo=",
					"dev": true
				}
			}
		},
		"yauzl": {
			"version": "2.4.1",
			"resolved": "https://npm-registry.whitewater.ibm.com/y/yauzl/_attachments/yauzl-2.4.1.tgz",
			"integrity": "sha1-lSj0QtqxsihOWLQ3m7GU4i4MQAU=",
			"dev": true,
			"requires": {
				"fd-slicer": "1.0.1"
			}
		},
		"yeast": {
			"version": "0.1.2",
			"resolved": "https://npm-registry.whitewater.ibm.com/y/yeast/_attachments/yeast-0.1.2.tgz",
			"integrity": "sha1-AI4G2AlDIMNy28L47XagymyKxBk=",
			"dev": true
		},
		"zone.js": {
			"version": "0.8.18",
			"resolved": "https://npm-registry.whitewater.ibm.com/z/zone.js/_attachments/zone.js-0.8.18.tgz",
			"integrity": "sha512-knKOBQM0oea3/x9pdyDuDi7RhxDlJhOIkeixXSiTKWLgs4LpK37iBc+1HaHwzlciHUKT172CymJFKo8Xgh+44Q==",
			"dev": true
		}
	}
}
